// !$*UTF8*$!
{
	archiveVersion = 1;
	classes = {
	};
	objectVersion = 50;
	objects = {

/* Begin PBXBuildFile section */
		9353A490250E33B60060647F /* AppDelegate.swift in Sources */ = {isa = PBXBuildFile; fileRef = 9353A48F250E33B60060647F /* AppDelegate.swift */; };
		9353A492250E33B60060647F /* SceneDelegate.swift in Sources */ = {isa = PBXBuildFile; fileRef = 9353A491250E33B60060647F /* SceneDelegate.swift */; };
		9353A494250E33B60060647F /* HomeVC.swift in Sources */ = {isa = PBXBuildFile; fileRef = 9353A493250E33B60060647F /* HomeVC.swift */; };
		9353A497250E33B60060647F /* Main.storyboard in Resources */ = {isa = PBXBuildFile; fileRef = 9353A495250E33B60060647F /* Main.storyboard */; };
		9353A499250E33B80060647F /* Assets.xcassets in Resources */ = {isa = PBXBuildFile; fileRef = 9353A498250E33B80060647F /* Assets.xcassets */; };
		9353A49C250E33B80060647F /* LaunchScreen.storyboard in Resources */ = {isa = PBXBuildFile; fileRef = 9353A49A250E33B80060647F /* LaunchScreen.storyboard */; };
		9353A4A9250E35690060647F /* DisplayTimeVC.swift in Sources */ = {isa = PBXBuildFile; fileRef = 9353A4A8250E35690060647F /* DisplayTimeVC.swift */; };
		9353A4AB250E357B0060647F /* QiblaVC.swift in Sources */ = {isa = PBXBuildFile; fileRef = 9353A4AA250E357B0060647F /* QiblaVC.swift */; };
		9353A4AE250E3D600060647F /* CountriesTVC.swift in Sources */ = {isa = PBXBuildFile; fileRef = 9353A4AD250E3D600060647F /* CountriesTVC.swift */; };
		9353A4B0250E3EC30060647F /* Constants.swift in Sources */ = {isa = PBXBuildFile; fileRef = 9353A4AF250E3EC30060647F /* Constants.swift */; };
		9353A4B2250E49D90060647F /* Extentions.swift in Sources */ = {isa = PBXBuildFile; fileRef = 9353A4B1250E49D90060647F /* Extentions.swift */; };
		9353A4B4250E4A4E0060647F /* PrayerTimeData.swift in Sources */ = {isa = PBXBuildFile; fileRef = 9353A4B3250E4A4E0060647F /* PrayerTimeData.swift */; };
		9353A4B6250E4AA60060647F /* IslamicModel.swift in Sources */ = {isa = PBXBuildFile; fileRef = 9353A4B5250E4AA60060647F /* IslamicModel.swift */; };
		9353A4B9250E4B800060647F /* ViewModel.swift in Sources */ = {isa = PBXBuildFile; fileRef = 9353A4B8250E4B800060647F /* ViewModel.swift */; };
		9353A4BB250E6AAF0060647F /* SalatTVC.swift in Sources */ = {isa = PBXBuildFile; fileRef = 9353A4BA250E6AAF0060647F /* SalatTVC.swift */; };
/* End PBXBuildFile section */

/* Begin PBXFileReference section */
		9353A48C250E33B60060647F /* Islamic-Prayer.app */ = {isa = PBXFileReference; explicitFileType = wrapper.application; includeInIndex = 0; path = "Islamic-Prayer.app"; sourceTree = BUILT_PRODUCTS_DIR; };
		9353A48F250E33B60060647F /* AppDelegate.swift */ = {isa = PBXFileReference; lastKnownFileType = sourcecode.swift; path = AppDelegate.swift; sourceTree = "<group>"; };
		9353A491250E33B60060647F /* SceneDelegate.swift */ = {isa = PBXFileReference; lastKnownFileType = sourcecode.swift; path = SceneDelegate.swift; sourceTree = "<group>"; };
		9353A493250E33B60060647F /* HomeVC.swift */ = {isa = PBXFileReference; lastKnownFileType = sourcecode.swift; path = HomeVC.swift; sourceTree = "<group>"; };
		9353A496250E33B60060647F /* Base */ = {isa = PBXFileReference; lastKnownFileType = file.storyboard; name = Base; path = Base.lproj/Main.storyboard; sourceTree = "<group>"; };
		9353A498250E33B80060647F /* Assets.xcassets */ = {isa = PBXFileReference; lastKnownFileType = folder.assetcatalog; path = Assets.xcassets; sourceTree = "<group>"; };
		9353A49B250E33B80060647F /* Base */ = {isa = PBXFileReference; lastKnownFileType = file.storyboard; name = Base; path = Base.lproj/LaunchScreen.storyboard; sourceTree = "<group>"; };
		9353A49D250E33B80060647F /* Info.plist */ = {isa = PBXFileReference; lastKnownFileType = text.plist.xml; path = Info.plist; sourceTree = "<group>"; };
		9353A4A8250E35690060647F /* DisplayTimeVC.swift */ = {isa = PBXFileReference; lastKnownFileType = sourcecode.swift; path = DisplayTimeVC.swift; sourceTree = "<group>"; };
		9353A4AA250E357B0060647F /* QiblaVC.swift */ = {isa = PBXFileReference; lastKnownFileType = sourcecode.swift; path = QiblaVC.swift; sourceTree = "<group>"; };
		9353A4AD250E3D600060647F /* CountriesTVC.swift */ = {isa = PBXFileReference; lastKnownFileType = sourcecode.swift; path = CountriesTVC.swift; sourceTree = "<group>"; };
		9353A4AF250E3EC30060647F /* Constants.swift */ = {isa = PBXFileReference; lastKnownFileType = sourcecode.swift; path = Constants.swift; sourceTree = "<group>"; };
		9353A4B1250E49D90060647F /* Extentions.swift */ = {isa = PBXFileReference; lastKnownFileType = sourcecode.swift; path = Extentions.swift; sourceTree = "<group>"; };
		9353A4B3250E4A4E0060647F /* PrayerTimeData.swift */ = {isa = PBXFileReference; lastKnownFileType = sourcecode.swift; path = PrayerTimeData.swift; sourceTree = "<group>"; };
		9353A4B5250E4AA60060647F /* IslamicModel.swift */ = {isa = PBXFileReference; lastKnownFileType = sourcecode.swift; path = IslamicModel.swift; sourceTree = "<group>"; };
		9353A4B8250E4B800060647F /* ViewModel.swift */ = {isa = PBXFileReference; lastKnownFileType = sourcecode.swift; path = ViewModel.swift; sourceTree = "<group>"; };
		9353A4BA250E6AAF0060647F /* SalatTVC.swift */ = {isa = PBXFileReference; lastKnownFileType = sourcecode.swift; path = SalatTVC.swift; sourceTree = "<group>"; };
/* End PBXFileReference section */

/* Begin PBXFrameworksBuildPhase section */
		9353A489250E33B60060647F /* Frameworks */ = {
			isa = PBXFrameworksBuildPhase;
			buildActionMask = 2147483647;
			files = (
			);
			runOnlyForDeploymentPostprocessing = 0;
		};
/* End PBXFrameworksBuildPhase section */

/* Begin PBXGroup section */
		9353A483250E33B60060647F = {
			isa = PBXGroup;
			children = (
				9353A48E250E33B60060647F /* Islamic-Prayer */,
				9353A48D250E33B60060647F /* Products */,
			);
			sourceTree = "<group>";
		};
		9353A48D250E33B60060647F /* Products */ = {
			isa = PBXGroup;
			children = (
				9353A48C250E33B60060647F /* Islamic-Prayer.app */,
			);
			name = Products;
			sourceTree = "<group>";
		};
		9353A48E250E33B60060647F /* Islamic-Prayer */ = {
			isa = PBXGroup;
			children = (
				9353A4A6250E34BE0060647F /* Resources */,
				9353A4B7250E4B660060647F /* ViewModel */,
				9353A4A5250E34B70060647F /* Models */,
				9353A4A4250E34AD0060647F /* Views */,
				9353A4A3250E349D0060647F /* Controllers */,
				9353A49D250E33B80060647F /* Info.plist */,
			);
			path = "Islamic-Prayer";
			sourceTree = "<group>";
		};
		9353A4A3250E349D0060647F /* Controllers */ = {
			isa = PBXGroup;
			children = (
				9353A493250E33B60060647F /* HomeVC.swift */,
				9353A4A8250E35690060647F /* DisplayTimeVC.swift */,
				9353A4AA250E357B0060647F /* QiblaVC.swift */,
			);
			path = Controllers;
			sourceTree = "<group>";
		};
		9353A4A4250E34AD0060647F /* Views */ = {
			isa = PBXGroup;
			children = (
				9353A4AC250E35870060647F /* Cells */,
				9353A4A7250E34DC0060647F /* Storboards */,
				9353A498250E33B80060647F /* Assets.xcassets */,
			);
			path = Views;
			sourceTree = "<group>";
		};
		9353A4A5250E34B70060647F /* Models */ = {
			isa = PBXGroup;
			children = (
				9353A4AF250E3EC30060647F /* Constants.swift */,
				9353A4B3250E4A4E0060647F /* PrayerTimeData.swift */,
				9353A4B5250E4AA60060647F /* IslamicModel.swift */,
			);
			path = Models;
			sourceTree = "<group>";
		};
		9353A4A6250E34BE0060647F /* Resources */ = {
			isa = PBXGroup;
			children = (
				9353A48F250E33B60060647F /* AppDelegate.swift */,
				9353A491250E33B60060647F /* SceneDelegate.swift */,
				9353A4B1250E49D90060647F /* Extentions.swift */,
			);
			path = Resources;
			sourceTree = "<group>";
		};
		9353A4A7250E34DC0060647F /* Storboards */ = {
			isa = PBXGroup;
			children = (
				9353A495250E33B60060647F /* Main.storyboard */,
				9353A49A250E33B80060647F /* LaunchScreen.storyboard */,
			);
			path = Storboards;
			sourceTree = "<group>";
		};
		9353A4AC250E35870060647F /* Cells */ = {
			isa = PBXGroup;
			children = (
				9353A4AD250E3D600060647F /* CountriesTVC.swift */,
				9353A4BA250E6AAF0060647F /* SalatTVC.swift */,
			);
			path = Cells;
			sourceTree = "<group>";
		};
		9353A4B7250E4B660060647F /* ViewModel */ = {
			isa = PBXGroup;
			children = (
				9353A4B8250E4B800060647F /* ViewModel.swift */,
			);
			path = ViewModel;
			sourceTree = "<group>";
		};
/* End PBXGroup section */

/* Begin PBXNativeTarget section */
		9353A48B250E33B60060647F /* Islamic-Prayer */ = {
			isa = PBXNativeTarget;
			buildConfigurationList = 9353A4A0250E33B80060647F /* Build configuration list for PBXNativeTarget "Islamic-Prayer" */;
			buildPhases = (
				9353A488250E33B60060647F /* Sources */,
				9353A489250E33B60060647F /* Frameworks */,
				9353A48A250E33B60060647F /* Resources */,
			);
			buildRules = (
			);
			dependencies = (
			);
			name = "Islamic-Prayer";
			productName = "Islamic-Prayer";
			productReference = 9353A48C250E33B60060647F /* Islamic-Prayer.app */;
			productType = "com.apple.product-type.application";
		};
/* End PBXNativeTarget section */

/* Begin PBXProject section */
		9353A484250E33B60060647F /* Project object */ = {
			isa = PBXProject;
			attributes = {
				LastSwiftUpdateCheck = 1170;
				LastUpgradeCheck = 1170;
				ORGANIZATIONNAME = "saad sherif";
				TargetAttributes = {
					9353A48B250E33B60060647F = {
						CreatedOnToolsVersion = 11.7;
					};
				};
			};
			buildConfigurationList = 9353A487250E33B60060647F /* Build configuration list for PBXProject "Islamic-Prayer" */;
			compatibilityVersion = "Xcode 9.3";
			developmentRegion = en;
			hasScannedForEncodings = 0;
			knownRegions = (
				en,
				Base,
			);
			mainGroup = 9353A483250E33B60060647F;
			productRefGroup = 9353A48D250E33B60060647F /* Products */;
			projectDirPath = "";
			projectRoot = "";
			targets = (
				9353A48B250E33B60060647F /* Islamic-Prayer */,
			);
		};
/* End PBXProject section */

/* Begin PBXResourcesBuildPhase section */
		9353A48A250E33B60060647F /* Resources */ = {
			isa = PBXResourcesBuildPhase;
			buildActionMask = 2147483647;
			files = (
				9353A49C250E33B80060647F /* LaunchScreen.storyboard in Resources */,
				9353A499250E33B80060647F /* Assets.xcassets in Resources */,
				9353A497250E33B60060647F /* Main.storyboard in Resources */,
			);
			runOnlyForDeploymentPostprocessing = 0;
		};
/* End PBXResourcesBuildPhase section */

/* Begin PBXSourcesBuildPhase section */
		9353A488250E33B60060647F /* Sources */ = {
			isa = PBXSourcesBuildPhase;
			buildActionMask = 2147483647;
			files = (
				9353A4AE250E3D600060647F /* CountriesTVC.swift in Sources */,
				9353A4A9250E35690060647F /* DisplayTimeVC.swift in Sources */,
				9353A494250E33B60060647F /* HomeVC.swift in Sources */,
				9353A4BB250E6AAF0060647F /* SalatTVC.swift in Sources */,
				9353A4B9250E4B800060647F /* ViewModel.swift in Sources */,
				9353A490250E33B60060647F /* AppDelegate.swift in Sources */,
				9353A4B6250E4AA60060647F /* IslamicModel.swift in Sources */,
				9353A4B2250E49D90060647F /* Extentions.swift in Sources */,
				9353A4B0250E3EC30060647F /* Constants.swift in Sources */,
				9353A492250E33B60060647F /* SceneDelegate.swift in Sources */,
				9353A4AB250E357B0060647F /* QiblaVC.swift in Sources */,
				9353A4B4250E4A4E0060647F /* PrayerTimeData.swift in Sources */,
			);
			runOnlyForDeploymentPostprocessing = 0;
		};
/* End PBXSourcesBuildPhase section */

/* Begin PBXVariantGroup section */
		9353A495250E33B60060647F /* Main.storyboard */ = {
			isa = PBXVariantGroup;
			children = (
				9353A496250E33B60060647F /* Base */,
			);
			name = Main.storyboard;
			sourceTree = "<group>";
		};
		9353A49A250E33B80060647F /* LaunchScreen.storyboard */ = {
			isa = PBXVariantGroup;
			children = (
				9353A49B250E33B80060647F /* Base */,
			);
			name = LaunchScreen.storyboard;
			sourceTree = "<group>";
		};
/* End PBXVariantGroup section */

/* Begin XCBuildConfiguration section */
		9353A49E250E33B80060647F /* Debug */ = {
			isa = XCBuildConfiguration;
			buildSettings = {
				ALWAYS_SEARCH_USER_PATHS = NO;
				CLANG_ANALYZER_NONNULL = YES;
				CLANG_ANALYZER_NUMBER_OBJECT_CONVERSION = YES_AGGRESSIVE;
				CLANG_CXX_LANGUAGE_STANDARD = "gnu++14";
				CLANG_CXX_LIBRARY = "libc++";
				CLANG_ENABLE_MODULES = YES;
				CLANG_ENABLE_OBJC_ARC = YES;
				CLANG_ENABLE_OBJC_WEAK = YES;
				CLANG_WARN_BLOCK_CAPTURE_AUTORELEASING = YES;
				CLANG_WARN_BOOL_CONVERSION = YES;
				CLANG_WARN_COMMA = YES;
				CLANG_WARN_CONSTANT_CONVERSION = YES;
				CLANG_WARN_DEPRECATED_OBJC_IMPLEMENTATIONS = YES;
				CLANG_WARN_DIRECT_OBJC_ISA_USAGE = YES_ERROR;
				CLANG_WARN_DOCUMENTATION_COMMENTS = YES;
				CLANG_WARN_EMPTY_BODY = YES;
				CLANG_WARN_ENUM_CONVERSION = YES;
				CLANG_WARN_INFINITE_RECURSION = YES;
				CLANG_WARN_INT_CONVERSION = YES;
				CLANG_WARN_NON_LITERAL_NULL_CONVERSION = YES;
				CLANG_WARN_OBJC_IMPLICIT_RETAIN_SELF = YES;
				CLANG_WARN_OBJC_LITERAL_CONVERSION = YES;
				CLANG_WARN_OBJC_ROOT_CLASS = YES_ERROR;
				CLANG_WARN_RANGE_LOOP_ANALYSIS = YES;
				CLANG_WARN_STRICT_PROTOTYPES = YES;
				CLANG_WARN_SUSPICIOUS_MOVE = YES;
				CLANG_WARN_UNGUARDED_AVAILABILITY = YES_AGGRESSIVE;
				CLANG_WARN_UNREACHABLE_CODE = YES;
				CLANG_WARN__DUPLICATE_METHOD_MATCH = YES;
				COPY_PHASE_STRIP = NO;
				DEBUG_INFORMATION_FORMAT = dwarf;
				ENABLE_STRICT_OBJC_MSGSEND = YES;
				ENABLE_TESTABILITY = YES;
				GCC_C_LANGUAGE_STANDARD = gnu11;
				GCC_DYNAMIC_NO_PIC = NO;
				GCC_NO_COMMON_BLOCKS = YES;
				GCC_OPTIMIZATION_LEVEL = 0;
				GCC_PREPROCESSOR_DEFINITIONS = (
					"DEBUG=1",
					"$(inherited)",
				);
				GCC_WARN_64_TO_32_BIT_CONVERSION = YES;
				GCC_WARN_ABOUT_RETURN_TYPE = YES_ERROR;
				GCC_WARN_UNDECLARED_SELECTOR = YES;
				GCC_WARN_UNINITIALIZED_AUTOS = YES_AGGRESSIVE;
				GCC_WARN_UNUSED_FUNCTION = YES;
				GCC_WARN_UNUSED_VARIABLE = YES;
				IPHONEOS_DEPLOYMENT_TARGET = 13.7;
				MTL_ENABLE_DEBUG_INFO = INCLUDE_SOURCE;
				MTL_FAST_MATH = YES;
				ONLY_ACTIVE_ARCH = YES;
				SDKROOT = iphoneos;
				SWIFT_ACTIVE_COMPILATION_CONDITIONS = DEBUG;
				SWIFT_OPTIMIZATION_LEVEL = "-Onone";
			};
			name = Debug;
		};
		9353A49F250E33B80060647F /* Release */ = {
			isa = XCBuildConfiguration;
			buildSettings = {
				ALWAYS_SEARCH_USER_PATHS = NO;
				CLANG_ANALYZER_NONNULL = YES;
				CLANG_ANALYZER_NUMBER_OBJECT_CONVERSION = YES_AGGRESSIVE;
				CLANG_CXX_LANGUAGE_STANDARD = "gnu++14";
				CLANG_CXX_LIBRARY = "libc++";
				CLANG_ENABLE_MODULES = YES;
				CLANG_ENABLE_OBJC_ARC = YES;
				CLANG_ENABLE_OBJC_WEAK = YES;
				CLANG_WARN_BLOCK_CAPTURE_AUTORELEASING = YES;
				CLANG_WARN_BOOL_CONVERSION = YES;
				CLANG_WARN_COMMA = YES;
				CLANG_WARN_CONSTANT_CONVERSION = YES;
				CLANG_WARN_DEPRECATED_OBJC_IMPLEMENTATIONS = YES;
				CLANG_WARN_DIRECT_OBJC_ISA_USAGE = YES_ERROR;
				CLANG_WARN_DOCUMENTATION_COMMENTS = YES;
				CLANG_WARN_EMPTY_BODY = YES;
				CLANG_WARN_ENUM_CONVERSION = YES;
				CLANG_WARN_INFINITE_RECURSION = YES;
				CLANG_WARN_INT_CONVERSION = YES;
				CLANG_WARN_NON_LITERAL_NULL_CONVERSION = YES;
				CLANG_WARN_OBJC_IMPLICIT_RETAIN_SELF = YES;
				CLANG_WARN_OBJC_LITERAL_CONVERSION = YES;
				CLANG_WARN_OBJC_ROOT_CLASS = YES_ERROR;
				CLANG_WARN_RANGE_LOOP_ANALYSIS = YES;
				CLANG_WARN_STRICT_PROTOTYPES = YES;
				CLANG_WARN_SUSPICIOUS_MOVE = YES;
				CLANG_WARN_UNGUARDED_AVAILABILITY = YES_AGGRESSIVE;
				CLANG_WARN_UNREACHABLE_CODE = YES;
				CLANG_WARN__DUPLICATE_METHOD_MATCH = YES;
				COPY_PHASE_STRIP = NO;
				DEBUG_INFORMATION_FORMAT = "dwarf-with-dsym";
				ENABLE_NS_ASSERTIONS = NO;
				ENABLE_STRICT_OBJC_MSGSEND = YES;
				GCC_C_LANGUAGE_STANDARD = gnu11;
				GCC_NO_COMMON_BLOCKS = YES;
				GCC_WARN_64_TO_32_BIT_CONVERSION = YES;
				GCC_WARN_ABOUT_RETURN_TYPE = YES_ERROR;
				GCC_WARN_UNDECLARED_SELECTOR = YES;
				GCC_WARN_UNINITIALIZED_AUTOS = YES_AGGRESSIVE;
				GCC_WARN_UNUSED_FUNCTION = YES;
				GCC_WARN_UNUSED_VARIABLE = YES;
				IPHONEOS_DEPLOYMENT_TARGET = 13.7;
				MTL_ENABLE_DEBUG_INFO = NO;
				MTL_FAST_MATH = YES;
				SDKROOT = iphoneos;
				SWIFT_COMPILATION_MODE = wholemodule;
				SWIFT_OPTIMIZATION_LEVEL = "-O";
				VALIDATE_PRODUCT = YES;
			};
			name = Release;
		};
		9353A4A1250E33B80060647F /* Debug */ = {
			isa = XCBuildConfiguration;
			buildSettings = {
				ASSETCATALOG_COMPILER_APPICON_NAME = AppIcon;
				CODE_SIGN_STYLE = Automatic;
				DEVELOPMENT_TEAM = 4A7J823U6W;
				INFOPLIST_FILE = "Islamic-Prayer/Info.plist";
				LD_RUNPATH_SEARCH_PATHS = (
					"$(inherited)",
					"@executable_path/Frameworks",
				);
				PRODUCT_BUNDLE_IDENTIFIER = "com.saadsherif.Islamic-Prayer";
				PRODUCT_NAME = "$(TARGET_NAME)";
				SWIFT_VERSION = 5.0;
				TARGETED_DEVICE_FAMILY = "1,2";
			};
			name = Debug;
		};
		9353A4A2250E33B80060647F /* Release */ = {
			isa = XCBuildConfiguration;
			buildSettings = {
				ASSETCATALOG_COMPILER_APPICON_NAME = AppIcon;
				CODE_SIGN_STYLE = Automatic;
				DEVELOPMENT_TEAM = 4A7J823U6W;
				INFOPLIST_FILE = "Islamic-Prayer/Info.plist";
				LD_RUNPATH_SEARCH_PATHS = (
					"$(inherited)",
					"@executable_path/Frameworks",
				);
				PRODUCT_BUNDLE_IDENTIFIER = "com.saadsherif.Islamic-Prayer";
				PRODUCT_NAME = "$(TARGET_NAME)";
				SWIFT_VERSION = 5.0;
				TARGETED_DEVICE_FAMILY = "1,2";
			};
			name = Release;
		};
/* End XCBuildConfiguration section */

/* Begin XCConfigurationList section */
		9353A487250E33B60060647F /* Build configuration list for PBXProject "Islamic-Prayer" */ = {
			isa = XCConfigurationList;
			buildConfigurations = (
				9353A49E250E33B80060647F /* Debug */,
				9353A49F250E33B80060647F /* Release */,
			);
			defaultConfigurationIsVisible = 0;
			defaultConfigurationName = Release;
		};
		9353A4A0250E33B80060647F /* Build configuration list for PBXNativeTarget "Islamic-Prayer" */ = {
			isa = XCConfigurationList;
			buildConfigurations = (
				9353A4A1250E33B80060647F /* Debug */,
				9353A4A2250E33B80060647F /* Release */,
			);
			defaultConfigurationIsVisible = 0;
			defaultConfigurationName = Release;
		};
/* End XCConfigurationList section */
	};
	rootObject = 9353A484250E33B60060647F /* Project object */;
}
